
Microsoft Visual Studio Solution File, Format Version 12.00
# Visual Studio Version 17
VisualStudioVersion = 17.5.33516.290
MinimumVisualStudioVersion = 10.0.40219.1
Project("{FAE04EC0-301F-11D3-BF4B-00C04F79EFBC}") = "sorting and interface1", "sorting and interface1\sorting and interface1.csproj", "{827B3FB4-6ED7-4EED-B422-738AC088C117}"
EndProject
Global
	GlobalSection(SolutionConfigurationPlatforms) = preSolution
		Debug|Any CPU = Debug|Any CPU
		Release|Any CPU = Release|Any CPU
	EndGlobalSection
	GlobalSection(ProjectConfigurationPlatforms) = postSolution
		{827B3FB4-6ED7-4EED-B422-738AC088C117}.Debug|Any CPU.ActiveCfg = Debug|Any CPU
		{827B3FB4-6ED7-4EED-B422-738AC088C117}.Debug|Any CPU.Build.0 = Debug|Any CPU
		{827B3FB4-6ED7-4EED-B422-738AC088C117}.Release|Any CPU.ActiveCfg = Release|Any CPU
		{827B3FB4-6ED7-4EED-B422-738AC088C117}.Release|Any CPU.Build.0 = Release|Any CPU
	EndGlobalSection
	GlobalSection(SolutionProperties) = preSolution
		HideSolutionNode = FALSE
	EndGlobalSection
	GlobalSection(ExtensibilityGlobals) = postSolution
		SolutionGuid = {796A42CA-21DE-493E-A29C-7D23168B9382}
	EndGlobalSection
EndGlobal
